
Microsoft Visual Studio Solution File, Format Version 12.00
# Visual Studio Version 16
VisualStudioVersion = 16.0.31702.278
MinimumVisualStudioVersion = 10.0.40219.1
Project("{2150E333-8FDC-42A3-9474-1A3956D46DE8}") = "Solution Items", "Solution Items", "{0E803E9D-BEED-416C-BCAA-9DAC8418D0E2}"
	ProjectSection(SolutionItems) = preProject
		README.md = README.md
	EndProjectSection
EndProject
Project("{9A19103F-16F7-4668-BE54-9A1E7A4F7556}") = "ConsoleDal", "ConsoleUI\ConsoleDal.csproj", "{487D5D43-950E-481E-AF2C-9BD8D48C75FA}"
EndProject
Project("{9A19103F-16F7-4668-BE54-9A1E7A4F7556}") = "DalFacade", "DAL\DalFacade.csproj", "{2A512BFB-72C9-4E8A-9126-B7EE4878E7C4}"
EndProject
Project("{9A19103F-16F7-4668-BE54-9A1E7A4F7556}") = "BL", "BL\BL.csproj", "{3E9FC9A7-49E8-487E-B4C8-A12907199074}"
EndProject
Project("{9A19103F-16F7-4668-BE54-9A1E7A4F7556}") = "lesson5", "lesson5\lesson5.csproj", "{4F223BE0-BFA7-4D0D-8496-D40C754FEBA5}"
EndProject
Project("{9A19103F-16F7-4668-BE54-9A1E7A4F7556}") = "ConsoleBl", "ConsoleUI_BL\ConsoleBl.csproj", "{30D08493-58EB-4D5C-9800-0FDAD812BF09}"
EndProject
Project("{9A19103F-16F7-4668-BE54-9A1E7A4F7556}") = "PL", "PL\PL.csproj", "{C09E4B6B-B2FC-452C-90D8-27EF35849540}"
EndProject
Project("{9A19103F-16F7-4668-BE54-9A1E7A4F7556}") = "DalObject", "DalObject\DalObject.csproj", "{B5906F09-1B2F-4047-9E2C-F52899116C78}"
EndProject
Project("{9A19103F-16F7-4668-BE54-9A1E7A4F7556}") = "DalXml", "DalXml\DalXml.csproj", "{3081DD0E-3862-43B8-9060-81033C75E5DD}"
EndProject
Project("{2150E333-8FDC-42A3-9474-1A3956D46DE8}") = "xml", "xml", "{03ED6FE9-C221-4613-BB00-D9E90FBB4DCA}"
	ProjectSection(SolutionItems) = preProject
		dal-config.xml = dal-config.xml
	EndProjectSection
EndProject
Global
	GlobalSection(SolutionConfigurationPlatforms) = preSolution
		Debug|Any CPU = Debug|Any CPU
		Release|Any CPU = Release|Any CPU
	EndGlobalSection
	GlobalSection(ProjectConfigurationPlatforms) = postSolution
		{487D5D43-950E-481E-AF2C-9BD8D48C75FA}.Debug|Any CPU.ActiveCfg = Debug|Any CPU
		{487D5D43-950E-481E-AF2C-9BD8D48C75FA}.Debug|Any CPU.Build.0 = Debug|Any CPU
		{487D5D43-950E-481E-AF2C-9BD8D48C75FA}.Release|Any CPU.ActiveCfg = Release|Any CPU
		{487D5D43-950E-481E-AF2C-9BD8D48C75FA}.Release|Any CPU.Build.0 = Release|Any CPU
		{2A512BFB-72C9-4E8A-9126-B7EE4878E7C4}.Debug|Any CPU.ActiveCfg = Debug|Any CPU
		{2A512BFB-72C9-4E8A-9126-B7EE4878E7C4}.Debug|Any CPU.Build.0 = Debug|Any CPU
		{2A512BFB-72C9-4E8A-9126-B7EE4878E7C4}.Release|Any CPU.ActiveCfg = Release|Any CPU
		{2A512BFB-72C9-4E8A-9126-B7EE4878E7C4}.Release|Any CPU.Build.0 = Release|Any CPU
		{3E9FC9A7-49E8-487E-B4C8-A12907199074}.Debug|Any CPU.ActiveCfg = Debug|Any CPU
		{3E9FC9A7-49E8-487E-B4C8-A12907199074}.Debug|Any CPU.Build.0 = Debug|Any CPU
		{3E9FC9A7-49E8-487E-B4C8-A12907199074}.Release|Any CPU.ActiveCfg = Release|Any CPU
		{3E9FC9A7-49E8-487E-B4C8-A12907199074}.Release|Any CPU.Build.0 = Release|Any CPU
		{4F223BE0-BFA7-4D0D-8496-D40C754FEBA5}.Debug|Any CPU.ActiveCfg = Debug|Any CPU
		{4F223BE0-BFA7-4D0D-8496-D40C754FEBA5}.Debug|Any CPU.Build.0 = Debug|Any CPU
		{4F223BE0-BFA7-4D0D-8496-D40C754FEBA5}.Release|Any CPU.ActiveCfg = Release|Any CPU
		{4F223BE0-BFA7-4D0D-8496-D40C754FEBA5}.Release|Any CPU.Build.0 = Release|Any CPU
		{30D08493-58EB-4D5C-9800-0FDAD812BF09}.Debug|Any CPU.ActiveCfg = Debug|Any CPU
		{30D08493-58EB-4D5C-9800-0FDAD812BF09}.Debug|Any CPU.Build.0 = Debug|Any CPU
		{30D08493-58EB-4D5C-9800-0FDAD812BF09}.Release|Any CPU.ActiveCfg = Release|Any CPU
		{30D08493-58EB-4D5C-9800-0FDAD812BF09}.Release|Any CPU.Build.0 = Release|Any CPU
		{C09E4B6B-B2FC-452C-90D8-27EF35849540}.Debug|Any CPU.ActiveCfg = Debug|Any CPU
		{C09E4B6B-B2FC-452C-90D8-27EF35849540}.Debug|Any CPU.Build.0 = Debug|Any CPU
		{C09E4B6B-B2FC-452C-90D8-27EF35849540}.Release|Any CPU.ActiveCfg = Release|Any CPU
		{C09E4B6B-B2FC-452C-90D8-27EF35849540}.Release|Any CPU.Build.0 = Release|Any CPU
		{B5906F09-1B2F-4047-9E2C-F52899116C78}.Debug|Any CPU.ActiveCfg = Debug|Any CPU
		{B5906F09-1B2F-4047-9E2C-F52899116C78}.Debug|Any CPU.Build.0 = Debug|Any CPU
		{B5906F09-1B2F-4047-9E2C-F52899116C78}.Release|Any CPU.ActiveCfg = Release|Any CPU
		{B5906F09-1B2F-4047-9E2C-F52899116C78}.Release|Any CPU.Build.0 = Release|Any CPU
		{3081DD0E-3862-43B8-9060-81033C75E5DD}.Debug|Any CPU.ActiveCfg = Debug|Any CPU
		{3081DD0E-3862-43B8-9060-81033C75E5DD}.Debug|Any CPU.Build.0 = Debug|Any CPU
		{3081DD0E-3862-43B8-9060-81033C75E5DD}.Release|Any CPU.ActiveCfg = Release|Any CPU
		{3081DD0E-3862-43B8-9060-81033C75E5DD}.Release|Any CPU.Build.0 = Release|Any CPU
	EndGlobalSection
	GlobalSection(SolutionProperties) = preSolution
		HideSolutionNode = FALSE
	EndGlobalSection
	GlobalSection(ExtensibilityGlobals) = postSolution
		SolutionGuid = {0B38F061-CCAE-4A60-A0C4-929B077524C9}
	EndGlobalSection
EndGlobal
